github.com/blackjack/webcam v0.0.0-20190407142958-6cd3de4f4861 h1:MjEPDLlNgeleujipQJDtLrQnzeQPOJ8wvFFRSoXSIi8=
github.com/blackjack/webcam v0.0.0-20190407142958-6cd3de4f4861/go.mod h1:G0X+rEqYPWSq0dG8OMf8M446MtKytzpPjgS3HbdOJZ4=
golang.org/x/image v0.0.0-20190507092727-e4e5bf290fec h1:arXJwtMuk5vqI1NHX0UTnNw977rYk5Sl4jQqHj+hun4=
golang.org/x/image v0.0.0-20190507092727-e4e5bf290fec/go.mod h1:kZ7UVZpmo3dzQBMxlp+ypCbDeSB+sBbTgSJuh5dn5js=
golang.org/x/sys v0.0.0-20190515190549-87c872767d25 h1:SSKQq5sjDoW0L0NaDoVl7d7HmtTxM0ezm0Ef9azs4uQ=
golang.org/x/sys v0.0.0-20190515190549-87c872767d25/go.mod h1:h1NjWce9XRLGQEsW7wpKNCjG9DtNlClVuFLEZdDNbEs=
golang.org/x/text v0.3.0/go.mod h1:NqM8EUOU14njkJ3fqMW+pc6Ldnwhi/IjpwHt7yyuwOQ=
